
Microsoft Visual Studio Solution File, Format Version 12.00
# Visual Studio Version 17
VisualStudioVersion = 17.11.35222.181
MinimumVisualStudioVersion = 10.0.40219.1
Project("{9A19103F-16F7-4668-BE54-9A1E7A4F7556}") = "IteratorPatternDemo", "IteratorDesignPattern\IteratorPatternDemo.csproj", "{04057305-0CAA-4920-960C-D42B378D41D1}"
EndProject
Project("{9A19103F-16F7-4668-BE54-9A1E7A4F7556}") = "UnitTests", "CollectionEnumeratorUnitTests\UnitTests.csproj", "{4BBBDED2-C6BF-464F-A254-D77804037A6F}"
EndProject
Project("{2150E333-8FDC-42A3-9474-1A3956D46DE8}") = "Solution Items", "Solution Items", "{78C82801-72C2-42AD-8810-C95C32E1BA46}"
	ProjectSection(SolutionItems) = preProject
		.editorconfig = .editorconfig
	EndProjectSection
EndProject
Global
	GlobalSection(SolutionConfigurationPlatforms) = preSolution
		Debug|Any CPU = Debug|Any CPU
		Release|Any CPU = Release|Any CPU
	EndGlobalSection
	GlobalSection(ProjectConfigurationPlatforms) = postSolution
		{04057305-0CAA-4920-960C-D42B378D41D1}.Debug|Any CPU.ActiveCfg = Debug|Any CPU
		{04057305-0CAA-4920-960C-D42B378D41D1}.Debug|Any CPU.Build.0 = Debug|Any CPU
		{04057305-0CAA-4920-960C-D42B378D41D1}.Release|Any CPU.ActiveCfg = Release|Any CPU
		{04057305-0CAA-4920-960C-D42B378D41D1}.Release|Any CPU.Build.0 = Release|Any CPU
		{4BBBDED2-C6BF-464F-A254-D77804037A6F}.Debug|Any CPU.ActiveCfg = Debug|Any CPU
		{4BBBDED2-C6BF-464F-A254-D77804037A6F}.Debug|Any CPU.Build.0 = Debug|Any CPU
		{4BBBDED2-C6BF-464F-A254-D77804037A6F}.Release|Any CPU.ActiveCfg = Release|Any CPU
		{4BBBDED2-C6BF-464F-A254-D77804037A6F}.Release|Any CPU.Build.0 = Release|Any CPU
	EndGlobalSection
	GlobalSection(SolutionProperties) = preSolution
		HideSolutionNode = FALSE
	EndGlobalSection
	GlobalSection(ExtensibilityGlobals) = postSolution
		SolutionGuid = {6931A04B-B862-4C79-BCDC-EC21485DE3F8}
	EndGlobalSection
EndGlobal
